
Microsoft Visual Studio Solution File, Format Version 12.00
# Visual Studio Version 16
VisualStudioVersion = 16.0.30523.141
MinimumVisualStudioVersion = 10.0.40219.1
Project("{FAE04EC0-301F-11D3-BF4B-00C04F79EFBC}") = "M02", "M02\M02.csproj", "{4240566C-FCFD-4EB5-A1D5-2ADC4EB29AED}"
EndProject
Global
	GlobalSection(SolutionConfigurationPlatforms) = preSolution
		Debug|Any CPU = Debug|Any CPU
		Release|Any CPU = Release|Any CPU
	EndGlobalSection
	GlobalSection(ProjectConfigurationPlatforms) = postSolution
		{4240566C-FCFD-4EB5-A1D5-2ADC4EB29AED}.Debug|Any CPU.ActiveCfg = Debug|Any CPU
		{4240566C-FCFD-4EB5-A1D5-2ADC4EB29AED}.Debug|Any CPU.Build.0 = Debug|Any CPU
		{4240566C-FCFD-4EB5-A1D5-2ADC4EB29AED}.Release|Any CPU.ActiveCfg = Release|Any CPU
		{4240566C-FCFD-4EB5-A1D5-2ADC4EB29AED}.Release|Any CPU.Build.0 = Release|Any CPU
	EndGlobalSection
	GlobalSection(SolutionProperties) = preSolution
		HideSolutionNode = FALSE
	EndGlobalSection
	GlobalSection(ExtensibilityGlobals) = postSolution
		SolutionGuid = {4FF3DA7D-35E6-4292-80EF-736177851E75}
	EndGlobalSection
EndGlobal
